// !$*UTF8*$!
{
	archiveVersion = 1;
	classes = {
	};
	objectVersion = 50;
	objects = {

/* Begin PBXBuildFile section */
		184BD2BC4768B33FF0350D37 /* Pods_Punctual.framework in Frameworks */ = {isa = PBXBuildFile; fileRef = 4312F501F3F58A220F80DB3C /* Pods_Punctual.framework */; };
		FAA8A04121063F13008F0491 /* AppDelegate.swift in Sources */ = {isa = PBXBuildFile; fileRef = FAA8A04021063F13008F0491 /* AppDelegate.swift */; };
		FAA8A04321063F13008F0491 /* ListAlarmsViewController.swift in Sources */ = {isa = PBXBuildFile; fileRef = FAA8A04221063F13008F0491 /* ListAlarmsViewController.swift */; };
		FAA8A04621063F13008F0491 /* Main.storyboard in Resources */ = {isa = PBXBuildFile; fileRef = FAA8A04421063F13008F0491 /* Main.storyboard */; };
		FAA8A04821063F14008F0491 /* Assets.xcassets in Resources */ = {isa = PBXBuildFile; fileRef = FAA8A04721063F14008F0491 /* Assets.xcassets */; };
		FAA8A04B21063F14008F0491 /* LaunchScreen.storyboard in Resources */ = {isa = PBXBuildFile; fileRef = FAA8A04921063F14008F0491 /* LaunchScreen.storyboard */; };
		FAA8A05C210644E2008F0491 /* CoreDataHelper.swift in Sources */ = {isa = PBXBuildFile; fileRef = FAA8A05B210644E2008F0491 /* CoreDataHelper.swift */; };
		FAA8A05E2106457A008F0491 /* GoogleMapsService.swift in Sources */ = {isa = PBXBuildFile; fileRef = FAA8A05D2106457A008F0491 /* GoogleMapsService.swift */; };
		FAE4EC702109197300A0CC1D /* GMSTestViewController.swift in Sources */ = {isa = PBXBuildFile; fileRef = FAE4EC6F2109197300A0CC1D /* GMSTestViewController.swift */; };
		FAE4EC72210924D400A0CC1D /* UIViewController+keyboardControl.swift in Sources */ = {isa = PBXBuildFile; fileRef = FAE4EC71210924D400A0CC1D /* UIViewController+keyboardControl.swift */; };
		FAFCED672106705A00A7204F /* TimeFromLocationCell.swift in Sources */ = {isa = PBXBuildFile; fileRef = FAFCED662106705A00A7204F /* TimeFromLocationCell.swift */; };
		FAFCED70210687C600A7204F /* Punctual.xcdatamodeld in Sources */ = {isa = PBXBuildFile; fileRef = FAFCED6E210687C600A7204F /* Punctual.xcdatamodeld */; };
		FAFCED732106E07200A7204F /* AlarmTypeSelectionViewController.swift in Sources */ = {isa = PBXBuildFile; fileRef = FAFCED722106E07200A7204F /* AlarmTypeSelectionViewController.swift */; };
		FAFCED752106E23500A7204F /* SetTimeCell.swift in Sources */ = {isa = PBXBuildFile; fileRef = FAFCED742106E23500A7204F /* SetTimeCell.swift */; };
		FAFCED772107A52500A7204F /* EditSetTimeAlarmViewController.swift in Sources */ = {isa = PBXBuildFile; fileRef = FAFCED762107A52500A7204F /* EditSetTimeAlarmViewController.swift */; };
/* End PBXBuildFile section */

/* Begin PBXFileReference section */
		4312F501F3F58A220F80DB3C /* Pods_Punctual.framework */ = {isa = PBXFileReference; explicitFileType = wrapper.framework; includeInIndex = 0; path = Pods_Punctual.framework; sourceTree = BUILT_PRODUCTS_DIR; };
		93BCF9304B187269B94FDE37 /* Pods-Punctual.release.xcconfig */ = {isa = PBXFileReference; includeInIndex = 1; lastKnownFileType = text.xcconfig; name = "Pods-Punctual.release.xcconfig"; path = "Pods/Target Support Files/Pods-Punctual/Pods-Punctual.release.xcconfig"; sourceTree = "<group>"; };
		A39145EC361C157C022BC1FD /* Pods-Punctual.debug.xcconfig */ = {isa = PBXFileReference; includeInIndex = 1; lastKnownFileType = text.xcconfig; name = "Pods-Punctual.debug.xcconfig"; path = "Pods/Target Support Files/Pods-Punctual/Pods-Punctual.debug.xcconfig"; sourceTree = "<group>"; };
		FAA8A03D21063F13008F0491 /* Punctual.app */ = {isa = PBXFileReference; explicitFileType = wrapper.application; includeInIndex = 0; path = Punctual.app; sourceTree = BUILT_PRODUCTS_DIR; };
		FAA8A04021063F13008F0491 /* AppDelegate.swift */ = {isa = PBXFileReference; lastKnownFileType = sourcecode.swift; path = AppDelegate.swift; sourceTree = "<group>"; };
		FAA8A04221063F13008F0491 /* ListAlarmsViewController.swift */ = {isa = PBXFileReference; lastKnownFileType = sourcecode.swift; path = ListAlarmsViewController.swift; sourceTree = "<group>"; };
		FAA8A04521063F13008F0491 /* Base */ = {isa = PBXFileReference; lastKnownFileType = file.storyboard; name = Base; path = Base.lproj/Main.storyboard; sourceTree = "<group>"; };
		FAA8A04721063F14008F0491 /* Assets.xcassets */ = {isa = PBXFileReference; lastKnownFileType = folder.assetcatalog; path = Assets.xcassets; sourceTree = "<group>"; };
		FAA8A04A21063F14008F0491 /* Base */ = {isa = PBXFileReference; lastKnownFileType = file.storyboard; name = Base; path = Base.lproj/LaunchScreen.storyboard; sourceTree = "<group>"; };
		FAA8A04C21063F14008F0491 /* Info.plist */ = {isa = PBXFileReference; lastKnownFileType = text.plist.xml; path = Info.plist; sourceTree = "<group>"; };
		FAA8A05B210644E2008F0491 /* CoreDataHelper.swift */ = {isa = PBXFileReference; lastKnownFileType = sourcecode.swift; path = CoreDataHelper.swift; sourceTree = "<group>"; };
		FAA8A05D2106457A008F0491 /* GoogleMapsService.swift */ = {isa = PBXFileReference; lastKnownFileType = sourcecode.swift; path = GoogleMapsService.swift; sourceTree = "<group>"; };
		FAC91F15210A3C8F00B0041D /* Punctual.entitlements */ = {isa = PBXFileReference; lastKnownFileType = text.plist.entitlements; path = Punctual.entitlements; sourceTree = "<group>"; };
		FAE4EC6F2109197300A0CC1D /* GMSTestViewController.swift */ = {isa = PBXFileReference; lastKnownFileType = sourcecode.swift; path = GMSTestViewController.swift; sourceTree = "<group>"; };
		FAE4EC71210924D400A0CC1D /* UIViewController+keyboardControl.swift */ = {isa = PBXFileReference; lastKnownFileType = sourcecode.swift; path = "UIViewController+keyboardControl.swift"; sourceTree = "<group>"; };
		FAFCED662106705A00A7204F /* TimeFromLocationCell.swift */ = {isa = PBXFileReference; lastKnownFileType = sourcecode.swift; path = TimeFromLocationCell.swift; sourceTree = "<group>"; };
		FAFCED6F210687C600A7204F /* Punctual.xcdatamodel */ = {isa = PBXFileReference; lastKnownFileType = wrapper.xcdatamodel; path = Punctual.xcdatamodel; sourceTree = "<group>"; };
		FAFCED722106E07200A7204F /* AlarmTypeSelectionViewController.swift */ = {isa = PBXFileReference; lastKnownFileType = sourcecode.swift; path = AlarmTypeSelectionViewController.swift; sourceTree = "<group>"; };
		FAFCED742106E23500A7204F /* SetTimeCell.swift */ = {isa = PBXFileReference; lastKnownFileType = sourcecode.swift; path = SetTimeCell.swift; sourceTree = "<group>"; };
		FAFCED762107A52500A7204F /* EditSetTimeAlarmViewController.swift */ = {isa = PBXFileReference; lastKnownFileType = sourcecode.swift; path = EditSetTimeAlarmViewController.swift; sourceTree = "<group>"; };
/* End PBXFileReference section */

/* Begin PBXFrameworksBuildPhase section */
		FAA8A03A21063F13008F0491 /* Frameworks */ = {
			isa = PBXFrameworksBuildPhase;
			buildActionMask = 2147483647;
			files = (
				184BD2BC4768B33FF0350D37 /* Pods_Punctual.framework in Frameworks */,
			);
			runOnlyForDeploymentPostprocessing = 0;
		};
/* End PBXFrameworksBuildPhase section */

/* Begin PBXGroup section */
		17A8788332056E3DF7848FD1 /* Pods */ = {
			isa = PBXGroup;
			children = (
				A39145EC361C157C022BC1FD /* Pods-Punctual.debug.xcconfig */,
				93BCF9304B187269B94FDE37 /* Pods-Punctual.release.xcconfig */,
			);
			name = Pods;
			sourceTree = "<group>";
		};
		A6FBA89143A776076AA61366 /* Frameworks */ = {
			isa = PBXGroup;
			children = (
				4312F501F3F58A220F80DB3C /* Pods_Punctual.framework */,
			);
			name = Frameworks;
			sourceTree = "<group>";
		};
		FAA8A03421063F13008F0491 = {
			isa = PBXGroup;
			children = (
				FAA8A03F21063F13008F0491 /* Punctual */,
				FAA8A03E21063F13008F0491 /* Products */,
				17A8788332056E3DF7848FD1 /* Pods */,
				A6FBA89143A776076AA61366 /* Frameworks */,
			);
			sourceTree = "<group>";
		};
		FAA8A03E21063F13008F0491 /* Products */ = {
			isa = PBXGroup;
			children = (
				FAA8A03D21063F13008F0491 /* Punctual.app */,
			);
			name = Products;
			sourceTree = "<group>";
		};
		FAA8A03F21063F13008F0491 /* Punctual */ = {
			isa = PBXGroup;
			children = (
				FAC91F15210A3C8F00B0041D /* Punctual.entitlements */,
				FAFCED7121068CDE00A7204F /* Extensions */,
				FAA8A05A210644D5008F0491 /* Helpers */,
				FAA8A0572106417B008F0491 /* Models */,
				FAA8A056210640B2008F0491 /* Supporting */,
				FAA8A05521064082008F0491 /* Services */,
				FAA8A0542106406E008F0491 /* Views */,
				FAA8A05321064064008F0491 /* Controllers */,
				FAA8A0522106405B008F0491 /* Storyboards */,
				FAA8A04021063F13008F0491 /* AppDelegate.swift */,
				FAA8A04721063F14008F0491 /* Assets.xcassets */,
				FAA8A04921063F14008F0491 /* LaunchScreen.storyboard */,
				FAFCED6E210687C600A7204F /* Punctual.xcdatamodeld */,
			);
			path = Punctual;
			sourceTree = "<group>";
		};
		FAA8A0522106405B008F0491 /* Storyboards */ = {
			isa = PBXGroup;
			children = (
				FAA8A04421063F13008F0491 /* Main.storyboard */,
			);
			path = Storyboards;
			sourceTree = "<group>";
		};
		FAA8A05321064064008F0491 /* Controllers */ = {
			isa = PBXGroup;
			children = (
				FAA8A04221063F13008F0491 /* ListAlarmsViewController.swift */,
				FAFCED722106E07200A7204F /* AlarmTypeSelectionViewController.swift */,
				FAFCED762107A52500A7204F /* EditSetTimeAlarmViewController.swift */,
				FAE4EC6F2109197300A0CC1D /* GMSTestViewController.swift */,
			);
			path = Controllers;
			sourceTree = "<group>";
		};
		FAA8A0542106406E008F0491 /* Views */ = {
			isa = PBXGroup;
			children = (
				FAFCED662106705A00A7204F /* TimeFromLocationCell.swift */,
				FAFCED742106E23500A7204F /* SetTimeCell.swift */,
			);
			path = Views;
			sourceTree = "<group>";
		};
		FAA8A05521064082008F0491 /* Services */ = {
			isa = PBXGroup;
			children = (
				FAA8A05D2106457A008F0491 /* GoogleMapsService.swift */,
			);
			path = Services;
			sourceTree = "<group>";
		};
		FAA8A056210640B2008F0491 /* Supporting */ = {
			isa = PBXGroup;
			children = (
				FAA8A04C21063F14008F0491 /* Info.plist */,
			);
			path = Supporting;
			sourceTree = "<group>";
		};
		FAA8A0572106417B008F0491 /* Models */ = {
			isa = PBXGroup;
			children = (
			);
			path = Models;
			sourceTree = "<group>";
		};
		FAA8A05A210644D5008F0491 /* Helpers */ = {
			isa = PBXGroup;
			children = (
				FAA8A05B210644E2008F0491 /* CoreDataHelper.swift */,
			);
			path = Helpers;
			sourceTree = "<group>";
		};
		FAFCED7121068CDE00A7204F /* Extensions */ = {
			isa = PBXGroup;
			children = (
				FAE4EC71210924D400A0CC1D /* UIViewController+keyboardControl.swift */,
			);
			path = Extensions;
			sourceTree = "<group>";
		};
/* End PBXGroup section */

/* Begin PBXNativeTarget section */
		FAA8A03C21063F13008F0491 /* Punctual */ = {
			isa = PBXNativeTarget;
			buildConfigurationList = FAA8A04F21063F14008F0491 /* Build configuration list for PBXNativeTarget "Punctual" */;
			buildPhases = (
				E11EA772A3CB1BDC374A6B5C /* [CP] Check Pods Manifest.lock */,
				FAA8A03921063F13008F0491 /* Sources */,
				FAA8A03A21063F13008F0491 /* Frameworks */,
				FAA8A03B21063F13008F0491 /* Resources */,
				F62144B2FFDFFF48FE343144 /* [CP] Copy Pods Resources */,
			);
			buildRules = (
			);
			dependencies = (
			);
			name = Punctual;
			productName = Punctual;
			productReference = FAA8A03D21063F13008F0491 /* Punctual.app */;
			productType = "com.apple.product-type.application";
		};
/* End PBXNativeTarget section */

/* Begin PBXProject section */
		FAA8A03521063F13008F0491 /* Project object */ = {
			isa = PBXProject;
			attributes = {
				LastSwiftUpdateCheck = 0940;
				LastUpgradeCheck = 0940;
				ORGANIZATIONNAME = "Robert May";
				TargetAttributes = {
					FAA8A03C21063F13008F0491 = {
						CreatedOnToolsVersion = 9.4.1;
						SystemCapabilities = {
							com.apple.Push = {
								enabled = 1;
							};
						};
					};
				};
			};
			buildConfigurationList = FAA8A03821063F13008F0491 /* Build configuration list for PBXProject "Punctual" */;
			compatibilityVersion = "Xcode 9.3";
			developmentRegion = en;
			hasScannedForEncodings = 0;
			knownRegions = (
				en,
				Base,
			);
			mainGroup = FAA8A03421063F13008F0491;
			productRefGroup = FAA8A03E21063F13008F0491 /* Products */;
			projectDirPath = "";
			projectRoot = "";
			targets = (
				FAA8A03C21063F13008F0491 /* Punctual */,
			);
		};
/* End PBXProject section */

/* Begin PBXResourcesBuildPhase section */
		FAA8A03B21063F13008F0491 /* Resources */ = {
			isa = PBXResourcesBuildPhase;
			buildActionMask = 2147483647;
			files = (
				FAA8A04B21063F14008F0491 /* LaunchScreen.storyboard in Resources */,
				FAA8A04821063F14008F0491 /* Assets.xcassets in Resources */,
				FAA8A04621063F13008F0491 /* Main.storyboard in Resources */,
			);
			runOnlyForDeploymentPostprocessing = 0;
		};
/* End PBXResourcesBuildPhase section */

/* Begin PBXShellScriptBuildPhase section */
		E11EA772A3CB1BDC374A6B5C /* [CP] Check Pods Manifest.lock */ = {
			isa = PBXShellScriptBuildPhase;
			buildActionMask = 2147483647;
			files = (
			);
			inputPaths = (
				"${PODS_PODFILE_DIR_PATH}/Podfile.lock",
				"${PODS_ROOT}/Manifest.lock",
			);
			name = "[CP] Check Pods Manifest.lock";
			outputPaths = (
				"$(DERIVED_FILE_DIR)/Pods-Punctual-checkManifestLockResult.txt",
			);
			runOnlyForDeploymentPostprocessing = 0;
			shellPath = /bin/sh;
			shellScript = "diff \"${PODS_PODFILE_DIR_PATH}/Podfile.lock\" \"${PODS_ROOT}/Manifest.lock\" > /dev/null\nif [ $? != 0 ] ; then\n    # print error to STDERR\n    echo \"error: The sandbox is not in sync with the Podfile.lock. Run 'pod install' or update your CocoaPods installation.\" >&2\n    exit 1\nfi\n# This output is used by Xcode 'outputs' to avoid re-running this script phase.\necho \"SUCCESS\" > \"${SCRIPT_OUTPUT_FILE_0}\"\n";
			showEnvVarsInLog = 0;
		};
		F62144B2FFDFFF48FE343144 /* [CP] Copy Pods Resources */ = {
			isa = PBXShellScriptBuildPhase;
			buildActionMask = 2147483647;
			files = (
			);
			inputPaths = (
				"${SRCROOT}/Pods/Target Support Files/Pods-Punctual/Pods-Punctual-resources.sh",
				"${PODS_ROOT}/GoogleMaps/Maps/Frameworks/GoogleMaps.framework/Resources/GoogleMaps.bundle",
				"${PODS_ROOT}/GooglePlaces/Frameworks/GooglePlaces.framework/Resources/GooglePlaces.bundle",
			);
			name = "[CP] Copy Pods Resources";
			outputPaths = (
				"${TARGET_BUILD_DIR}/${UNLOCALIZED_RESOURCES_FOLDER_PATH}/GoogleMaps.bundle",
				"${TARGET_BUILD_DIR}/${UNLOCALIZED_RESOURCES_FOLDER_PATH}/GooglePlaces.bundle",
			);
			runOnlyForDeploymentPostprocessing = 0;
			shellPath = /bin/sh;
			shellScript = "\"${SRCROOT}/Pods/Target Support Files/Pods-Punctual/Pods-Punctual-resources.sh\"\n";
			showEnvVarsInLog = 0;
		};
/* End PBXShellScriptBuildPhase section */

/* Begin PBXSourcesBuildPhase section */
		FAA8A03921063F13008F0491 /* Sources */ = {
			isa = PBXSourcesBuildPhase;
			buildActionMask = 2147483647;
			files = (
				FAFCED732106E07200A7204F /* AlarmTypeSelectionViewController.swift in Sources */,
				FAFCED672106705A00A7204F /* TimeFromLocationCell.swift in Sources */,
				FAE4EC702109197300A0CC1D /* GMSTestViewController.swift in Sources */,
				FAA8A05E2106457A008F0491 /* GoogleMapsService.swift in Sources */,
				FAFCED772107A52500A7204F /* EditSetTimeAlarmViewController.swift in Sources */,
				FAA8A04321063F13008F0491 /* ListAlarmsViewController.swift in Sources */,
				FAA8A05C210644E2008F0491 /* CoreDataHelper.swift in Sources */,
				FAA8A04121063F13008F0491 /* AppDelegate.swift in Sources */,
				FAFCED70210687C600A7204F /* Punctual.xcdatamodeld in Sources */,
				FAE4EC72210924D400A0CC1D /* UIViewController+keyboardControl.swift in Sources */,
				FAFCED752106E23500A7204F /* SetTimeCell.swift in Sources */,
			);
			runOnlyForDeploymentPostprocessing = 0;
		};
/* End PBXSourcesBuildPhase section */

/* Begin PBXVariantGroup section */
		FAA8A04421063F13008F0491 /* Main.storyboard */ = {
			isa = PBXVariantGroup;
			children = (
				FAA8A04521063F13008F0491 /* Base */,
			);
			name = Main.storyboard;
			sourceTree = "<group>";
		};
		FAA8A04921063F14008F0491 /* LaunchScreen.storyboard */ = {
			isa = PBXVariantGroup;
			children = (
				FAA8A04A21063F14008F0491 /* Base */,
			);
			name = LaunchScreen.storyboard;
			sourceTree = "<group>";
		};
/* End PBXVariantGroup section */

/* Begin XCBuildConfiguration section */
		FAA8A04D21063F14008F0491 /* Debug */ = {
			isa = XCBuildConfiguration;
			buildSettings = {
				ALWAYS_SEARCH_USER_PATHS = NO;
				CLANG_ANALYZER_NONNULL = YES;
				CLANG_ANALYZER_NUMBER_OBJECT_CONVERSION = YES_AGGRESSIVE;
				CLANG_CXX_LANGUAGE_STANDARD = "gnu++14";
				CLANG_CXX_LIBRARY = "libc++";
				CLANG_ENABLE_MODULES = YES;
				CLANG_ENABLE_OBJC_ARC = YES;
				CLANG_ENABLE_OBJC_WEAK = YES;
				CLANG_WARN_BLOCK_CAPTURE_AUTORELEASING = YES;
				CLANG_WARN_BOOL_CONVERSION = YES;
				CLANG_WARN_COMMA = YES;
				CLANG_WARN_CONSTANT_CONVERSION = YES;
				CLANG_WARN_DEPRECATED_OBJC_IMPLEMENTATIONS = YES;
				CLANG_WARN_DIRECT_OBJC_ISA_USAGE = YES_ERROR;
				CLANG_WARN_DOCUMENTATION_COMMENTS = YES;
				CLANG_WARN_EMPTY_BODY = YES;
				CLANG_WARN_ENUM_CONVERSION = YES;
				CLANG_WARN_INFINITE_RECURSION = YES;
				CLANG_WARN_INT_CONVERSION = YES;
				CLANG_WARN_NON_LITERAL_NULL_CONVERSION = YES;
				CLANG_WARN_OBJC_IMPLICIT_RETAIN_SELF = YES;
				CLANG_WARN_OBJC_LITERAL_CONVERSION = YES;
				CLANG_WARN_OBJC_ROOT_CLASS = YES_ERROR;
				CLANG_WARN_RANGE_LOOP_ANALYSIS = YES;
				CLANG_WARN_STRICT_PROTOTYPES = YES;
				CLANG_WARN_SUSPICIOUS_MOVE = YES;
				CLANG_WARN_UNGUARDED_AVAILABILITY = YES_AGGRESSIVE;
				CLANG_WARN_UNREACHABLE_CODE = YES;
				CLANG_WARN__DUPLICATE_METHOD_MATCH = YES;
				CODE_SIGN_IDENTITY = "iPhone Developer";
				COPY_PHASE_STRIP = NO;
				DEBUG_INFORMATION_FORMAT = dwarf;
				ENABLE_STRICT_OBJC_MSGSEND = YES;
				ENABLE_TESTABILITY = YES;
				GCC_C_LANGUAGE_STANDARD = gnu11;
				GCC_DYNAMIC_NO_PIC = NO;
				GCC_NO_COMMON_BLOCKS = YES;
				GCC_OPTIMIZATION_LEVEL = 0;
				GCC_PREPROCESSOR_DEFINITIONS = (
					"DEBUG=1",
					"$(inherited)",
				);
				GCC_WARN_64_TO_32_BIT_CONVERSION = YES;
				GCC_WARN_ABOUT_RETURN_TYPE = YES_ERROR;
				GCC_WARN_UNDECLARED_SELECTOR = YES;
				GCC_WARN_UNINITIALIZED_AUTOS = YES_AGGRESSIVE;
				GCC_WARN_UNUSED_FUNCTION = YES;
				GCC_WARN_UNUSED_VARIABLE = YES;
				IPHONEOS_DEPLOYMENT_TARGET = 11.4;
				MTL_ENABLE_DEBUG_INFO = YES;
				ONLY_ACTIVE_ARCH = YES;
				SDKROOT = iphoneos;
				SWIFT_ACTIVE_COMPILATION_CONDITIONS = DEBUG;
				SWIFT_OPTIMIZATION_LEVEL = "-Onone";
			};
			name = Debug;
		};
		FAA8A04E21063F14008F0491 /* Release */ = {
			isa = XCBuildConfiguration;
			buildSettings = {
				ALWAYS_SEARCH_USER_PATHS = NO;
				CLANG_ANALYZER_NONNULL = YES;
				CLANG_ANALYZER_NUMBER_OBJECT_CONVERSION = YES_AGGRESSIVE;
				CLANG_CXX_LANGUAGE_STANDARD = "gnu++14";
				CLANG_CXX_LIBRARY = "libc++";
				CLANG_ENABLE_MODULES = YES;
				CLANG_ENABLE_OBJC_ARC = YES;
				CLANG_ENABLE_OBJC_WEAK = YES;
				CLANG_WARN_BLOCK_CAPTURE_AUTORELEASING = YES;
				CLANG_WARN_BOOL_CONVERSION = YES;
				CLANG_WARN_COMMA = YES;
				CLANG_WARN_CONSTANT_CONVERSION = YES;
				CLANG_WARN_DEPRECATED_OBJC_IMPLEMENTATIONS = YES;
				CLANG_WARN_DIRECT_OBJC_ISA_USAGE = YES_ERROR;
				CLANG_WARN_DOCUMENTATION_COMMENTS = YES;
				CLANG_WARN_EMPTY_BODY = YES;
				CLANG_WARN_ENUM_CONVERSION = YES;
				CLANG_WARN_INFINITE_RECURSION = YES;
				CLANG_WARN_INT_CONVERSION = YES;
				CLANG_WARN_NON_LITERAL_NULL_CONVERSION = YES;
				CLANG_WARN_OBJC_IMPLICIT_RETAIN_SELF = YES;
				CLANG_WARN_OBJC_LITERAL_CONVERSION = YES;
				CLANG_WARN_OBJC_ROOT_CLASS = YES_ERROR;
				CLANG_WARN_RANGE_LOOP_ANALYSIS = YES;
				CLANG_WARN_STRICT_PROTOTYPES = YES;
				CLANG_WARN_SUSPICIOUS_MOVE = YES;
				CLANG_WARN_UNGUARDED_AVAILABILITY = YES_AGGRESSIVE;
				CLANG_WARN_UNREACHABLE_CODE = YES;
				CLANG_WARN__DUPLICATE_METHOD_MATCH = YES;
				CODE_SIGN_IDENTITY = "iPhone Developer";
				COPY_PHASE_STRIP = NO;
				DEBUG_INFORMATION_FORMAT = "dwarf-with-dsym";
				ENABLE_NS_ASSERTIONS = NO;
				ENABLE_STRICT_OBJC_MSGSEND = YES;
				GCC_C_LANGUAGE_STANDARD = gnu11;
				GCC_NO_COMMON_BLOCKS = YES;
				GCC_WARN_64_TO_32_BIT_CONVERSION = YES;
				GCC_WARN_ABOUT_RETURN_TYPE = YES_ERROR;
				GCC_WARN_UNDECLARED_SELECTOR = YES;
				GCC_WARN_UNINITIALIZED_AUTOS = YES_AGGRESSIVE;
				GCC_WARN_UNUSED_FUNCTION = YES;
				GCC_WARN_UNUSED_VARIABLE = YES;
				IPHONEOS_DEPLOYMENT_TARGET = 11.4;
				MTL_ENABLE_DEBUG_INFO = NO;
				SDKROOT = iphoneos;
				SWIFT_COMPILATION_MODE = wholemodule;
				SWIFT_OPTIMIZATION_LEVEL = "-O";
				VALIDATE_PRODUCT = YES;
			};
			name = Release;
		};
		FAA8A05021063F14008F0491 /* Debug */ = {
			isa = XCBuildConfiguration;
			baseConfigurationReference = A39145EC361C157C022BC1FD /* Pods-Punctual.debug.xcconfig */;
			buildSettings = {
				ASSETCATALOG_COMPILER_APPICON_NAME = AppIcon;
				CODE_SIGN_ENTITLEMENTS = Punctual/Punctual.entitlements;
				CODE_SIGN_STYLE = Automatic;
				DEVELOPMENT_TEAM = 7DD847MDJ2;
				INFOPLIST_FILE = "$(SRCROOT)/Punctual/Supporting/Info.plist";
				LD_RUNPATH_SEARCH_PATHS = (
					"$(inherited)",
					"@executable_path/Frameworks",
				);
				PRODUCT_BUNDLE_IDENTIFIER = com.makeschool.Punctual;
				PRODUCT_NAME = "$(TARGET_NAME)";
				SWIFT_VERSION = 4.0;
				TARGETED_DEVICE_FAMILY = "1,2";
			};
			name = Debug;
		};
		FAA8A05121063F14008F0491 /* Release */ = {
			isa = XCBuildConfiguration;
			baseConfigurationReference = 93BCF9304B187269B94FDE37 /* Pods-Punctual.release.xcconfig */;
			buildSettings = {
				ASSETCATALOG_COMPILER_APPICON_NAME = AppIcon;
				CODE_SIGN_ENTITLEMENTS = Punctual/Punctual.entitlements;
				CODE_SIGN_STYLE = Automatic;
				DEVELOPMENT_TEAM = 7DD847MDJ2;
				INFOPLIST_FILE = "$(SRCROOT)/Punctual/Supporting/Info.plist";
				LD_RUNPATH_SEARCH_PATHS = (
					"$(inherited)",
					"@executable_path/Frameworks",
				);
				PRODUCT_BUNDLE_IDENTIFIER = com.makeschool.Punctual;
				PRODUCT_NAME = "$(TARGET_NAME)";
				SWIFT_VERSION = 4.0;
				TARGETED_DEVICE_FAMILY = "1,2";
			};
			name = Release;
		};
/* End XCBuildConfiguration section */

/* Begin XCConfigurationList section */
		FAA8A03821063F13008F0491 /* Build configuration list for PBXProject "Punctual" */ = {
			isa = XCConfigurationList;
			buildConfigurations = (
				FAA8A04D21063F14008F0491 /* Debug */,
				FAA8A04E21063F14008F0491 /* Release */,
			);
			defaultConfigurationIsVisible = 0;
			defaultConfigurationName = Release;
		};
		FAA8A04F21063F14008F0491 /* Build configuration list for PBXNativeTarget "Punctual" */ = {
			isa = XCConfigurationList;
			buildConfigurations = (
				FAA8A05021063F14008F0491 /* Debug */,
				FAA8A05121063F14008F0491 /* Release */,
			);
			defaultConfigurationIsVisible = 0;
			defaultConfigurationName = Release;
		};
/* End XCConfigurationList section */

/* Begin XCVersionGroup section */
		FAFCED6E210687C600A7204F /* Punctual.xcdatamodeld */ = {
			isa = XCVersionGroup;
			children = (
				FAFCED6F210687C600A7204F /* Punctual.xcdatamodel */,
			);
			currentVersion = FAFCED6F210687C600A7204F /* Punctual.xcdatamodel */;
			path = Punctual.xcdatamodeld;
			sourceTree = "<group>";
			versionGroupType = wrapper.xcdatamodel;
		};
/* End XCVersionGroup section */
	};
	rootObject = FAA8A03521063F13008F0491 /* Project object */;
}
